
Microsoft Visual Studio Solution File, Format Version 12.00
# Visual Studio Version 17
VisualStudioVersion = 17.11.35222.181
MinimumVisualStudioVersion = 10.0.40219.1
Project("{F184B08F-C81C-45F6-A57F-5ABD9991F28F}") = "LoginForm", "LoginForm\LoginForm.vbproj", "{7DA1C99C-ADF1-45E6-A1E1-2326AD1B6623}"
EndProject
Global
	GlobalSection(SolutionConfigurationPlatforms) = preSolution
		Debug|Any CPU = Debug|Any CPU
		Release|Any CPU = Release|Any CPU
	EndGlobalSection
	GlobalSection(ProjectConfigurationPlatforms) = postSolution
		{7DA1C99C-ADF1-45E6-A1E1-2326AD1B6623}.Debug|Any CPU.ActiveCfg = Debug|Any CPU
		{7DA1C99C-ADF1-45E6-A1E1-2326AD1B6623}.Debug|Any CPU.Build.0 = Debug|Any CPU
		{7DA1C99C-ADF1-45E6-A1E1-2326AD1B6623}.Release|Any CPU.ActiveCfg = Release|Any CPU
		{7DA1C99C-ADF1-45E6-A1E1-2326AD1B6623}.Release|Any CPU.Build.0 = Release|Any CPU
	EndGlobalSection
	GlobalSection(SolutionProperties) = preSolution
		HideSolutionNode = FALSE
	EndGlobalSection
	GlobalSection(ExtensibilityGlobals) = postSolution
		SolutionGuid = {4734759C-35AA-4F49-8DAC-28B7B5A4393C}
	EndGlobalSection
EndGlobal
